
Microsoft Visual Studio Solution File, Format Version 12.00
# Visual Studio Version 17
VisualStudioVersion = 17.9.34616.47
MinimumVisualStudioVersion = 10.0.40219.1
Project("{FAE04EC0-301F-11D3-BF4B-00C04F79EFBC}") = "Array_1", "Array_1.csproj", "{02FBF32B-3F0E-4877-8AC9-F0F6021BF4FD}"
EndProject
Global
	GlobalSection(SolutionConfigurationPlatforms) = preSolution
		Debug|Any CPU = Debug|Any CPU
		Release|Any CPU = Release|Any CPU
	EndGlobalSection
	GlobalSection(ProjectConfigurationPlatforms) = postSolution
		{02FBF32B-3F0E-4877-8AC9-F0F6021BF4FD}.Debug|Any CPU.ActiveCfg = Debug|Any CPU
		{02FBF32B-3F0E-4877-8AC9-F0F6021BF4FD}.Debug|Any CPU.Build.0 = Debug|Any CPU
		{02FBF32B-3F0E-4877-8AC9-F0F6021BF4FD}.Release|Any CPU.ActiveCfg = Release|Any CPU
		{02FBF32B-3F0E-4877-8AC9-F0F6021BF4FD}.Release|Any CPU.Build.0 = Release|Any CPU
	EndGlobalSection
	GlobalSection(SolutionProperties) = preSolution
		HideSolutionNode = FALSE
	EndGlobalSection
	GlobalSection(ExtensibilityGlobals) = postSolution
		SolutionGuid = {CD6AE252-EE19-4098-BBF7-0B53599D5120}
	EndGlobalSection
EndGlobal
